{
  "name": "gth-demo-fanout-content-creator",
  "version": "0.1.0",
  "lockfileVersion": 2,
  "requires": true,
  "packages": {
    "": {
      "name": "gth-demo-fanout-content-creator",
      "version": "0.1.0",
      "dependencies": {
        "@langchain/openai": "^0.2.5",
        "gotohuman": "0.2.0",
        "langchain": "^0.2.12",
        "next": "14.2.5",
        "react": "^18",
        "react-dom": "^18"
      }
    },
    "node_modules/@langchain/core": {
      "version": "0.2.20",
      "license": "MIT",
      "dependencies": {
        "ansi-styles": "^5.0.0",
        "camelcase": "6",
        "decamelize": "1.2.0",
        "js-tiktoken": "^1.0.12",
        "langsmith": "~0.1.39",
        "mustache": "^4.2.0",
        "p-queue": "^6.6.2",
        "p-retry": "4",
        "uuid": "^10.0.0",
        "zod": "^3.22.4",
        "zod-to-json-schema": "^3.22.3"
      },
      "engines": {
        "node": ">=18"
      }
    },
    "node_modules/@langchain/openai": {
      "version": "0.2.5",
      "license": "MIT",
      "dependencies": {
        "@langchain/core": ">=0.2.16 <0.3.0",
        "js-tiktoken": "^1.0.12",
        "openai": "^4.49.1",
        "zod": "^3.22.4",
        "zod-to-json-schema": "^3.22.3"
      },
      "engines": {
        "node": ">=18"
      }
    },
    "node_modules/@langchain/textsplitters": {
      "version": "0.0.3",
      "license": "MIT",
      "dependencies": {
        "@langchain/core": ">0.2.0 <0.3.0",
        "js-tiktoken": "^1.0.12"
      },
      "engines": {
        "node": ">=18"
      }
    },
    "node_modules/@next/env": {
      "version": "14.2.5",
      "license": "MIT"
    },
    "node_modules/@next/swc-win32-x64-msvc": {
      "version": "14.2.5",
      "cpu": [
        "x64"
      ],
      "license": "MIT",
      "optional": true,
      "os": [
        "win32"
      ],
      "engines": {
        "node": ">= 10"
      }
    },
    "node_modules/@swc/counter": {
      "version": "0.1.3",
      "license": "Apache-2.0"
    },
    "node_modules/@swc/helpers": {
      "version": "0.5.5",
      "license": "Apache-2.0",
      "dependencies": {
        "@swc/counter": "^0.1.3",
        "tslib": "^2.4.0"
      }
    },
    "node_modules/@types/node": {
      "version": "18.19.43",
      "license": "MIT",
      "dependencies": {
        "undici-types": "~5.26.4"
      }
    },
    "node_modules/@types/node-fetch": {
      "version": "2.6.11",
      "license": "MIT",
      "dependencies": {
        "@types/node": "*",
        "form-data": "^4.0.0"
      }
    },
    "node_modules/@types/retry": {
      "version": "0.12.0",
      "license": "MIT"
    },
    "node_modules/@types/uuid": {
      "version": "9.0.8",
      "license": "MIT"
    },
    "node_modules/abort-controller": {
      "version": "3.0.0",
      "license": "MIT",
      "dependencies": {
        "event-target-shim": "^5.0.0"
      },
      "engines": {
        "node": ">=6.5"
      }
    },
    "node_modules/agentkeepalive": {
      "version": "4.5.0",
      "license": "MIT",
      "dependencies": {
        "humanize-ms": "^1.2.1"
      },
      "engines": {
        "node": ">= 8.0.0"
      }
    },
    "node_modules/ansi-styles": {
      "version": "5.2.0",
      "license": "MIT",
      "engines": {
        "node": ">=10"
      },
      "funding": {
        "url": "https://github.com/chalk/ansi-styles?sponsor=1"
      }
    },
    "node_modules/argparse": {
      "version": "2.0.1",
      "license": "Python-2.0"
    },
    "node_modules/asynckit": {
      "version": "0.4.0",
      "license": "MIT"
    },
    "node_modules/base64-js": {
      "version": "1.5.1",
      "funding": [
        {
          "type": "github",
          "url": "https://github.com/sponsors/feross"
        },
        {
          "type": "patreon",
          "url": "https://www.patreon.com/feross"
        },
        {
          "type": "consulting",
          "url": "https://feross.org/support"
        }
      ],
      "license": "MIT"
    },
    "node_modules/binary-extensions": {
      "version": "2.3.0",
      "license": "MIT",
      "engines": {
        "node": ">=8"
      },
      "funding": {
        "url": "https://github.com/sponsors/sindresorhus"
      }
    },
    "node_modules/binary-search": {
      "version": "1.3.6",
      "license": "CC0-1.0"
    },
    "node_modules/busboy": {
      "version": "1.6.0",
      "dependencies": {
        "streamsearch": "^1.1.0"
      },
      "engines": {
        "node": ">=10.16.0"
      }
    },
    "node_modules/camelcase": {
      "version": "6.3.0",
      "license": "MIT",
      "engines": {
        "node": ">=10"
      },
      "funding": {
        "url": "https://github.com/sponsors/sindresorhus"
      }
    },
    "node_modules/caniuse-lite": {
      "version": "1.0.30001646",
      "funding": [
        {
          "type": "opencollective",
          "url": "https://opencollective.com/browserslist"
        },
        {
          "type": "tidelift",
          "url": "https://tidelift.com/funding/github/npm/caniuse-lite"
        },
        {
          "type": "github",
          "url": "https://github.com/sponsors/ai"
        }
      ],
      "license": "CC-BY-4.0"
    },
    "node_modules/client-only": {
      "version": "0.0.1",
      "license": "MIT"
    },
    "node_modules/combined-stream": {
      "version": "1.0.8",
      "license": "MIT",
      "dependencies": {
        "delayed-stream": "~1.0.0"
      },
      "engines": {
        "node": ">= 0.8"
      }
    },
    "node_modules/commander": {
      "version": "10.0.1",
      "license": "MIT",
      "engines": {
        "node": ">=14"
      }
    },
    "node_modules/decamelize": {
      "version": "1.2.0",
      "license": "MIT",
      "engines": {
        "node": ">=0.10.0"
      }
    },
    "node_modules/delayed-stream": {
      "version": "1.0.0",
      "license": "MIT",
      "engines": {
        "node": ">=0.4.0"
      }
    },
    "node_modules/event-target-shim": {
      "version": "5.0.1",
      "license": "MIT",
      "engines": {
        "node": ">=6"
      }
    },
    "node_modules/eventemitter3": {
      "version": "4.0.7",
      "license": "MIT"
    },
    "node_modules/form-data": {
      "version": "4.0.0",
      "license": "MIT",
      "dependencies": {
        "asynckit": "^0.4.0",
        "combined-stream": "^1.0.8",
        "mime-types": "^2.1.12"
      },
      "engines": {
        "node": ">= 6"
      }
    },
    "node_modules/form-data-encoder": {
      "version": "1.7.2",
      "license": "MIT"
    },
    "node_modules/formdata-node": {
      "version": "4.4.1",
      "license": "MIT",
      "dependencies": {
        "node-domexception": "1.0.0",
        "web-streams-polyfill": "4.0.0-beta.3"
      },
      "engines": {
        "node": ">= 12.20"
      }
    },
    "node_modules/gotohuman": {
      "version": "0.2.0",
      "resolved": "https://registry.npmjs.org/gotohuman/-/gotohuman-0.2.0.tgz",
      "integrity": "sha512-YVChpVpLZYBIElvlXlAgjFTaMPCmJIzTcO5SBtNLFxWMm7ZbR1BOdZy9mFVfl3gsWO9HIIauXS/L9jzGO83V/A=="
    },
    "node_modules/graceful-fs": {
      "version": "4.2.11",
      "license": "ISC"
    },
    "node_modules/humanize-ms": {
      "version": "1.2.1",
      "license": "MIT",
      "dependencies": {
        "ms": "^2.0.0"
      }
    },
    "node_modules/is-any-array": {
      "version": "2.0.1",
      "license": "MIT"
    },
    "node_modules/js-tiktoken": {
      "version": "1.0.12",
      "license": "MIT",
      "dependencies": {
        "base64-js": "^1.5.1"
      }
    },
    "node_modules/js-tokens": {
      "version": "4.0.0",
      "license": "MIT"
    },
    "node_modules/js-yaml": {
      "version": "4.1.0",
      "license": "MIT",
      "dependencies": {
        "argparse": "^2.0.1"
      },
      "bin": {
        "js-yaml": "bin/js-yaml.js"
      }
    },
    "node_modules/jsonpointer": {
      "version": "5.0.1",
      "license": "MIT",
      "engines": {
        "node": ">=0.10.0"
      }
    },
    "node_modules/langchain": {
      "version": "0.2.12",
      "license": "MIT",
      "dependencies": {
        "@langchain/core": ">=0.2.11 <0.3.0",
        "@langchain/openai": ">=0.1.0 <0.3.0",
        "@langchain/textsplitters": "~0.0.0",
        "binary-extensions": "^2.2.0",
        "js-tiktoken": "^1.0.12",
        "js-yaml": "^4.1.0",
        "jsonpointer": "^5.0.1",
        "langchainhub": "~0.0.8",
        "langsmith": "~0.1.30",
        "ml-distance": "^4.0.0",
        "openapi-types": "^12.1.3",
        "p-retry": "4",
        "uuid": "^10.0.0",
        "yaml": "^2.2.1",
        "zod": "^3.22.4",
        "zod-to-json-schema": "^3.22.3"
      },
      "engines": {
        "node": ">=18"
      },
      "peerDependencies": {
        "@aws-sdk/client-s3": "*",
        "@aws-sdk/client-sagemaker-runtime": "*",
        "@aws-sdk/client-sfn": "*",
        "@aws-sdk/credential-provider-node": "*",
        "@azure/storage-blob": "*",
        "@browserbasehq/sdk": "*",
        "@gomomento/sdk": "*",
        "@gomomento/sdk-core": "*",
        "@gomomento/sdk-web": "^1.51.1",
        "@langchain/anthropic": "*",
        "@langchain/aws": "*",
        "@langchain/cohere": "*",
        "@langchain/community": "*",
        "@langchain/google-genai": "*",
        "@langchain/google-vertexai": "*",
        "@langchain/groq": "*",
        "@langchain/mistralai": "*",
        "@langchain/ollama": "*",
        "@mendable/firecrawl-js": "*",
        "@notionhq/client": "*",
        "@pinecone-database/pinecone": "*",
        "@supabase/supabase-js": "*",
        "@vercel/kv": "*",
        "@xata.io/client": "*",
        "apify-client": "*",
        "assemblyai": "*",
        "axios": "*",
        "cheerio": "*",
        "chromadb": "*",
        "convex": "*",
        "couchbase": "*",
        "d3-dsv": "*",
        "epub2": "*",
        "fast-xml-parser": "*",
        "handlebars": "^4.7.8",
        "html-to-text": "*",
        "ignore": "*",
        "ioredis": "*",
        "jsdom": "*",
        "mammoth": "*",
        "mongodb": "*",
        "node-llama-cpp": "*",
        "notion-to-md": "*",
        "officeparser": "*",
        "pdf-parse": "*",
        "peggy": "^3.0.2",
        "playwright": "*",
        "puppeteer": "*",
        "pyodide": "^0.24.1",
        "redis": "*",
        "sonix-speech-recognition": "*",
        "srt-parser-2": "*",
        "typeorm": "*",
        "weaviate-ts-client": "*",
        "web-auth-library": "*",
        "ws": "*",
        "youtube-transcript": "*",
        "youtubei.js": "*"
      },
      "peerDependenciesMeta": {
        "@aws-sdk/client-s3": {
          "optional": true
        },
        "@aws-sdk/client-sagemaker-runtime": {
          "optional": true
        },
        "@aws-sdk/client-sfn": {
          "optional": true
        },
        "@aws-sdk/credential-provider-node": {
          "optional": true
        },
        "@azure/storage-blob": {
          "optional": true
        },
        "@browserbasehq/sdk": {
          "optional": true
        },
        "@gomomento/sdk": {
          "optional": true
        },
        "@gomomento/sdk-core": {
          "optional": true
        },
        "@gomomento/sdk-web": {
          "optional": true
        },
        "@langchain/anthropic": {
          "optional": true
        },
        "@langchain/aws": {
          "optional": true
        },
        "@langchain/cohere": {
          "optional": true
        },
        "@langchain/community": {
          "optional": true
        },
        "@langchain/google-genai": {
          "optional": true
        },
        "@langchain/google-vertexai": {
          "optional": true
        },
        "@langchain/groq": {
          "optional": true
        },
        "@langchain/mistralai": {
          "optional": true
        },
        "@langchain/ollama": {
          "optional": true
        },
        "@mendable/firecrawl-js": {
          "optional": true
        },
        "@notionhq/client": {
          "optional": true
        },
        "@pinecone-database/pinecone": {
          "optional": true
        },
        "@supabase/supabase-js": {
          "optional": true
        },
        "@vercel/kv": {
          "optional": true
        },
        "@xata.io/client": {
          "optional": true
        },
        "apify-client": {
          "optional": true
        },
        "assemblyai": {
          "optional": true
        },
        "axios": {
          "optional": true
        },
        "cheerio": {
          "optional": true
        },
        "chromadb": {
          "optional": true
        },
        "convex": {
          "optional": true
        },
        "couchbase": {
          "optional": true
        },
        "d3-dsv": {
          "optional": true
        },
        "epub2": {
          "optional": true
        },
        "faiss-node": {
          "optional": true
        },
        "fast-xml-parser": {
          "optional": true
        },
        "handlebars": {
          "optional": true
        },
        "html-to-text": {
          "optional": true
        },
        "ignore": {
          "optional": true
        },
        "ioredis": {
          "optional": true
        },
        "jsdom": {
          "optional": true
        },
        "mammoth": {
          "optional": true
        },
        "mongodb": {
          "optional": true
        },
        "node-llama-cpp": {
          "optional": true
        },
        "notion-to-md": {
          "optional": true
        },
        "officeparser": {
          "optional": true
        },
        "pdf-parse": {
          "optional": true
        },
        "peggy": {
          "optional": true
        },
        "playwright": {
          "optional": true
        },
        "puppeteer": {
          "optional": true
        },
        "pyodide": {
          "optional": true
        },
        "redis": {
          "optional": true
        },
        "sonix-speech-recognition": {
          "optional": true
        },
        "srt-parser-2": {
          "optional": true
        },
        "typeorm": {
          "optional": true
        },
        "weaviate-ts-client": {
          "optional": true
        },
        "web-auth-library": {
          "optional": true
        },
        "ws": {
          "optional": true
        },
        "youtube-transcript": {
          "optional": true
        },
        "youtubei.js": {
          "optional": true
        }
      }
    },
    "node_modules/langchainhub": {
      "version": "0.0.11",
      "license": "MIT"
    },
    "node_modules/langsmith": {
      "version": "0.1.40",
      "license": "MIT",
      "dependencies": {
        "@types/uuid": "^9.0.1",
        "commander": "^10.0.1",
        "p-queue": "^6.6.2",
        "p-retry": "4",
        "semver": "^7.6.3",
        "uuid": "^9.0.0"
      },
      "peerDependencies": {
        "@langchain/core": "*",
        "langchain": "*",
        "openai": "*"
      },
      "peerDependenciesMeta": {
        "@langchain/core": {
          "optional": true
        },
        "langchain": {
          "optional": true
        },
        "openai": {
          "optional": true
        }
      }
    },
    "node_modules/langsmith/node_modules/uuid": {
      "version": "9.0.1",
      "funding": [
        "https://github.com/sponsors/broofa",
        "https://github.com/sponsors/ctavan"
      ],
      "license": "MIT",
      "bin": {
        "uuid": "dist/bin/uuid"
      }
    },
    "node_modules/loose-envify": {
      "version": "1.4.0",
      "license": "MIT",
      "dependencies": {
        "js-tokens": "^3.0.0 || ^4.0.0"
      },
      "bin": {
        "loose-envify": "cli.js"
      }
    },
    "node_modules/mime-db": {
      "version": "1.52.0",
      "license": "MIT",
      "engines": {
        "node": ">= 0.6"
      }
    },
    "node_modules/mime-types": {
      "version": "2.1.35",
      "license": "MIT",
      "dependencies": {
        "mime-db": "1.52.0"
      },
      "engines": {
        "node": ">= 0.6"
      }
    },
    "node_modules/ml-array-mean": {
      "version": "1.1.6",
      "license": "MIT",
      "dependencies": {
        "ml-array-sum": "^1.1.6"
      }
    },
    "node_modules/ml-array-sum": {
      "version": "1.1.6",
      "license": "MIT",
      "dependencies": {
        "is-any-array": "^2.0.0"
      }
    },
    "node_modules/ml-distance": {
      "version": "4.0.1",
      "license": "MIT",
      "dependencies": {
        "ml-array-mean": "^1.1.6",
        "ml-distance-euclidean": "^2.0.0",
        "ml-tree-similarity": "^1.0.0"
      }
    },
    "node_modules/ml-distance-euclidean": {
      "version": "2.0.0",
      "license": "MIT"
    },
    "node_modules/ml-tree-similarity": {
      "version": "1.0.0",
      "license": "MIT",
      "dependencies": {
        "binary-search": "^1.3.5",
        "num-sort": "^2.0.0"
      }
    },
    "node_modules/ms": {
      "version": "2.1.3",
      "license": "MIT"
    },
    "node_modules/mustache": {
      "version": "4.2.0",
      "license": "MIT",
      "bin": {
        "mustache": "bin/mustache"
      }
    },
    "node_modules/nanoid": {
      "version": "3.3.7",
      "funding": [
        {
          "type": "github",
          "url": "https://github.com/sponsors/ai"
        }
      ],
      "license": "MIT",
      "bin": {
        "nanoid": "bin/nanoid.cjs"
      },
      "engines": {
        "node": "^10 || ^12 || ^13.7 || ^14 || >=15.0.1"
      }
    },
    "node_modules/next": {
      "version": "14.2.5",
      "license": "MIT",
      "dependencies": {
        "@next/env": "14.2.5",
        "@swc/helpers": "0.5.5",
        "busboy": "1.6.0",
        "caniuse-lite": "^1.0.30001579",
        "graceful-fs": "^4.2.11",
        "postcss": "8.4.31",
        "styled-jsx": "5.1.1"
      },
      "bin": {
        "next": "dist/bin/next"
      },
      "engines": {
        "node": ">=18.17.0"
      },
      "optionalDependencies": {
        "@next/swc-darwin-arm64": "14.2.5",
        "@next/swc-darwin-x64": "14.2.5",
        "@next/swc-linux-arm64-gnu": "14.2.5",
        "@next/swc-linux-arm64-musl": "14.2.5",
        "@next/swc-linux-x64-gnu": "14.2.5",
        "@next/swc-linux-x64-musl": "14.2.5",
        "@next/swc-win32-arm64-msvc": "14.2.5",
        "@next/swc-win32-ia32-msvc": "14.2.5",
        "@next/swc-win32-x64-msvc": "14.2.5"
      },
      "peerDependencies": {
        "@opentelemetry/api": "^1.1.0",
        "@playwright/test": "^1.41.2",
        "react": "^18.2.0",
        "react-dom": "^18.2.0",
        "sass": "^1.3.0"
      },
      "peerDependenciesMeta": {
        "@opentelemetry/api": {
          "optional": true
        },
        "@playwright/test": {
          "optional": true
        },
        "sass": {
          "optional": true
        }
      }
    },
    "node_modules/node-domexception": {
      "version": "1.0.0",
      "funding": [
        {
          "type": "github",
          "url": "https://github.com/sponsors/jimmywarting"
        },
        {
          "type": "github",
          "url": "https://paypal.me/jimmywarting"
        }
      ],
      "license": "MIT",
      "engines": {
        "node": ">=10.5.0"
      }
    },
    "node_modules/node-fetch": {
      "version": "2.7.0",
      "license": "MIT",
      "dependencies": {
        "whatwg-url": "^5.0.0"
      },
      "engines": {
        "node": "4.x || >=6.0.0"
      },
      "peerDependencies": {
        "encoding": "^0.1.0"
      },
      "peerDependenciesMeta": {
        "encoding": {
          "optional": true
        }
      }
    },
    "node_modules/num-sort": {
      "version": "2.1.0",
      "license": "MIT",
      "engines": {
        "node": ">=8"
      },
      "funding": {
        "url": "https://github.com/sponsors/sindresorhus"
      }
    },
    "node_modules/openai": {
      "version": "4.54.0",
      "license": "Apache-2.0",
      "dependencies": {
        "@types/node": "^18.11.18",
        "@types/node-fetch": "^2.6.4",
        "abort-controller": "^3.0.0",
        "agentkeepalive": "^4.2.1",
        "form-data-encoder": "1.7.2",
        "formdata-node": "^4.3.2",
        "node-fetch": "^2.6.7"
      },
      "bin": {
        "openai": "bin/cli"
      }
    },
    "node_modules/openapi-types": {
      "version": "12.1.3",
      "license": "MIT"
    },
    "node_modules/p-finally": {
      "version": "1.0.0",
      "license": "MIT",
      "engines": {
        "node": ">=4"
      }
    },
    "node_modules/p-queue": {
      "version": "6.6.2",
      "license": "MIT",
      "dependencies": {
        "eventemitter3": "^4.0.4",
        "p-timeout": "^3.2.0"
      },
      "engines": {
        "node": ">=8"
      },
      "funding": {
        "url": "https://github.com/sponsors/sindresorhus"
      }
    },
    "node_modules/p-retry": {
      "version": "4.6.2",
      "license": "MIT",
      "dependencies": {
        "@types/retry": "0.12.0",
        "retry": "^0.13.1"
      },
      "engines": {
        "node": ">=8"
      }
    },
    "node_modules/p-timeout": {
      "version": "3.2.0",
      "license": "MIT",
      "dependencies": {
        "p-finally": "^1.0.0"
      },
      "engines": {
        "node": ">=8"
      }
    },
    "node_modules/picocolors": {
      "version": "1.0.1",
      "license": "ISC"
    },
    "node_modules/postcss": {
      "version": "8.4.31",
      "funding": [
        {
          "type": "opencollective",
          "url": "https://opencollective.com/postcss/"
        },
        {
          "type": "tidelift",
          "url": "https://tidelift.com/funding/github/npm/postcss"
        },
        {
          "type": "github",
          "url": "https://github.com/sponsors/ai"
        }
      ],
      "license": "MIT",
      "dependencies": {
        "nanoid": "^3.3.6",
        "picocolors": "^1.0.0",
        "source-map-js": "^1.0.2"
      },
      "engines": {
        "node": "^10 || ^12 || >=14"
      }
    },
    "node_modules/react": {
      "version": "18.3.1",
      "license": "MIT",
      "dependencies": {
        "loose-envify": "^1.1.0"
      },
      "engines": {
        "node": ">=0.10.0"
      }
    },
    "node_modules/react-dom": {
      "version": "18.3.1",
      "license": "MIT",
      "dependencies": {
        "loose-envify": "^1.1.0",
        "scheduler": "^0.23.2"
      },
      "peerDependencies": {
        "react": "^18.3.1"
      }
    },
    "node_modules/retry": {
      "version": "0.13.1",
      "license": "MIT",
      "engines": {
        "node": ">= 4"
      }
    },
    "node_modules/scheduler": {
      "version": "0.23.2",
      "license": "MIT",
      "dependencies": {
        "loose-envify": "^1.1.0"
      }
    },
    "node_modules/semver": {
      "version": "7.6.3",
      "license": "ISC",
      "bin": {
        "semver": "bin/semver.js"
      },
      "engines": {
        "node": ">=10"
      }
    },
    "node_modules/source-map-js": {
      "version": "1.2.0",
      "license": "BSD-3-Clause",
      "engines": {
        "node": ">=0.10.0"
      }
    },
    "node_modules/streamsearch": {
      "version": "1.1.0",
      "engines": {
        "node": ">=10.0.0"
      }
    },
    "node_modules/styled-jsx": {
      "version": "5.1.1",
      "license": "MIT",
      "dependencies": {
        "client-only": "0.0.1"
      },
      "engines": {
        "node": ">= 12.0.0"
      },
      "peerDependencies": {
        "react": ">= 16.8.0 || 17.x.x || ^18.0.0-0"
      },
      "peerDependenciesMeta": {
        "@babel/core": {
          "optional": true
        },
        "babel-plugin-macros": {
          "optional": true
        }
      }
    },
    "node_modules/tr46": {
      "version": "0.0.3",
      "license": "MIT"
    },
    "node_modules/tslib": {
      "version": "2.6.3",
      "license": "0BSD"
    },
    "node_modules/undici-types": {
      "version": "5.26.5",
      "license": "MIT"
    },
    "node_modules/uuid": {
      "version": "10.0.0",
      "funding": [
        "https://github.com/sponsors/broofa",
        "https://github.com/sponsors/ctavan"
      ],
      "license": "MIT",
      "bin": {
        "uuid": "dist/bin/uuid"
      }
    },
    "node_modules/web-streams-polyfill": {
      "version": "4.0.0-beta.3",
      "license": "MIT",
      "engines": {
        "node": ">= 14"
      }
    },
    "node_modules/webidl-conversions": {
      "version": "3.0.1",
      "license": "BSD-2-Clause"
    },
    "node_modules/whatwg-url": {
      "version": "5.0.0",
      "license": "MIT",
      "dependencies": {
        "tr46": "~0.0.3",
        "webidl-conversions": "^3.0.0"
      }
    },
    "node_modules/yaml": {
      "version": "2.5.0",
      "license": "ISC",
      "bin": {
        "yaml": "bin.mjs"
      },
      "engines": {
        "node": ">= 14"
      }
    },
    "node_modules/zod": {
      "version": "3.23.8",
      "license": "MIT",
      "funding": {
        "url": "https://github.com/sponsors/colinhacks"
      }
    },
    "node_modules/zod-to-json-schema": {
      "version": "3.23.2",
      "license": "ISC",
      "peerDependencies": {
        "zod": "^3.23.3"
      }
    }
  },
  "dependencies": {
    "@langchain/core": {
      "version": "0.2.20",
      "requires": {
        "ansi-styles": "^5.0.0",
        "camelcase": "6",
        "decamelize": "1.2.0",
        "js-tiktoken": "^1.0.12",
        "langsmith": "~0.1.39",
        "mustache": "^4.2.0",
        "p-queue": "^6.6.2",
        "p-retry": "4",
        "uuid": "^10.0.0",
        "zod": "^3.22.4",
        "zod-to-json-schema": "^3.22.3"
      }
    },
    "@langchain/openai": {
      "version": "0.2.5",
      "requires": {
        "@langchain/core": ">=0.2.16 <0.3.0",
        "js-tiktoken": "^1.0.12",
        "openai": "^4.49.1",
        "zod": "^3.22.4",
        "zod-to-json-schema": "^3.22.3"
      }
    },
    "@langchain/textsplitters": {
      "version": "0.0.3",
      "requires": {
        "@langchain/core": ">0.2.0 <0.3.0",
        "js-tiktoken": "^1.0.12"
      }
    },
    "@next/env": {
      "version": "14.2.5"
    },
    "@next/swc-win32-x64-msvc": {
      "version": "14.2.5",
      "optional": true
    },
    "@swc/counter": {
      "version": "0.1.3"
    },
    "@swc/helpers": {
      "version": "0.5.5",
      "requires": {
        "@swc/counter": "^0.1.3",
        "tslib": "^2.4.0"
      }
    },
    "@types/node": {
      "version": "18.19.43",
      "requires": {
        "undici-types": "~5.26.4"
      }
    },
    "@types/node-fetch": {
      "version": "2.6.11",
      "requires": {
        "@types/node": "*",
        "form-data": "^4.0.0"
      }
    },
    "@types/retry": {
      "version": "0.12.0"
    },
    "@types/uuid": {
      "version": "9.0.8"
    },
    "abort-controller": {
      "version": "3.0.0",
      "requires": {
        "event-target-shim": "^5.0.0"
      }
    },
    "agentkeepalive": {
      "version": "4.5.0",
      "requires": {
        "humanize-ms": "^1.2.1"
      }
    },
    "ansi-styles": {
      "version": "5.2.0"
    },
    "argparse": {
      "version": "2.0.1"
    },
    "asynckit": {
      "version": "0.4.0"
    },
    "base64-js": {
      "version": "1.5.1"
    },
    "binary-extensions": {
      "version": "2.3.0"
    },
    "binary-search": {
      "version": "1.3.6"
    },
    "busboy": {
      "version": "1.6.0",
      "requires": {
        "streamsearch": "^1.1.0"
      }
    },
    "camelcase": {
      "version": "6.3.0"
    },
    "caniuse-lite": {
      "version": "1.0.30001646"
    },
    "client-only": {
      "version": "0.0.1"
    },
    "combined-stream": {
      "version": "1.0.8",
      "requires": {
        "delayed-stream": "~1.0.0"
      }
    },
    "commander": {
      "version": "10.0.1"
    },
    "decamelize": {
      "version": "1.2.0"
    },
    "delayed-stream": {
      "version": "1.0.0"
    },
    "event-target-shim": {
      "version": "5.0.1"
    },
    "eventemitter3": {
      "version": "4.0.7"
    },
    "form-data": {
      "version": "4.0.0",
      "requires": {
        "asynckit": "^0.4.0",
        "combined-stream": "^1.0.8",
        "mime-types": "^2.1.12"
      }
    },
    "form-data-encoder": {
      "version": "1.7.2"
    },
    "formdata-node": {
      "version": "4.4.1",
      "requires": {
        "node-domexception": "1.0.0",
        "web-streams-polyfill": "4.0.0-beta.3"
      }
    },
    "gotohuman": {
      "version": "0.2.0",
      "resolved": "https://registry.npmjs.org/gotohuman/-/gotohuman-0.2.0.tgz",
      "integrity": "sha512-YVChpVpLZYBIElvlXlAgjFTaMPCmJIzTcO5SBtNLFxWMm7ZbR1BOdZy9mFVfl3gsWO9HIIauXS/L9jzGO83V/A=="
    },
    "graceful-fs": {
      "version": "4.2.11"
    },
    "humanize-ms": {
      "version": "1.2.1",
      "requires": {
        "ms": "^2.0.0"
      }
    },
    "is-any-array": {
      "version": "2.0.1"
    },
    "js-tiktoken": {
      "version": "1.0.12",
      "requires": {
        "base64-js": "^1.5.1"
      }
    },
    "js-tokens": {
      "version": "4.0.0"
    },
    "js-yaml": {
      "version": "4.1.0",
      "requires": {
        "argparse": "^2.0.1"
      }
    },
    "jsonpointer": {
      "version": "5.0.1"
    },
    "langchain": {
      "version": "0.2.12",
      "requires": {
        "@langchain/core": ">=0.2.11 <0.3.0",
        "@langchain/openai": ">=0.1.0 <0.3.0",
        "@langchain/textsplitters": "~0.0.0",
        "binary-extensions": "^2.2.0",
        "js-tiktoken": "^1.0.12",
        "js-yaml": "^4.1.0",
        "jsonpointer": "^5.0.1",
        "langchainhub": "~0.0.8",
        "langsmith": "~0.1.30",
        "ml-distance": "^4.0.0",
        "openapi-types": "^12.1.3",
        "p-retry": "4",
        "uuid": "^10.0.0",
        "yaml": "^2.2.1",
        "zod": "^3.22.4",
        "zod-to-json-schema": "^3.22.3"
      }
    },
    "langchainhub": {
      "version": "0.0.11"
    },
    "langsmith": {
      "version": "0.1.40",
      "requires": {
        "@types/uuid": "^9.0.1",
        "commander": "^10.0.1",
        "p-queue": "^6.6.2",
        "p-retry": "4",
        "semver": "^7.6.3",
        "uuid": "^9.0.0"
      },
      "dependencies": {
        "uuid": {
          "version": "9.0.1"
        }
      }
    },
    "loose-envify": {
      "version": "1.4.0",
      "requires": {
        "js-tokens": "^3.0.0 || ^4.0.0"
      }
    },
    "mime-db": {
      "version": "1.52.0"
    },
    "mime-types": {
      "version": "2.1.35",
      "requires": {
        "mime-db": "1.52.0"
      }
    },
    "ml-array-mean": {
      "version": "1.1.6",
      "requires": {
        "ml-array-sum": "^1.1.6"
      }
    },
    "ml-array-sum": {
      "version": "1.1.6",
      "requires": {
        "is-any-array": "^2.0.0"
      }
    },
    "ml-distance": {
      "version": "4.0.1",
      "requires": {
        "ml-array-mean": "^1.1.6",
        "ml-distance-euclidean": "^2.0.0",
        "ml-tree-similarity": "^1.0.0"
      }
    },
    "ml-distance-euclidean": {
      "version": "2.0.0"
    },
    "ml-tree-similarity": {
      "version": "1.0.0",
      "requires": {
        "binary-search": "^1.3.5",
        "num-sort": "^2.0.0"
      }
    },
    "ms": {
      "version": "2.1.3"
    },
    "mustache": {
      "version": "4.2.0"
    },
    "nanoid": {
      "version": "3.3.7"
    },
    "next": {
      "version": "14.2.5",
      "requires": {
        "@next/env": "14.2.5",
        "@next/swc-darwin-arm64": "14.2.5",
        "@next/swc-darwin-x64": "14.2.5",
        "@next/swc-linux-arm64-gnu": "14.2.5",
        "@next/swc-linux-arm64-musl": "14.2.5",
        "@next/swc-linux-x64-gnu": "14.2.5",
        "@next/swc-linux-x64-musl": "14.2.5",
        "@next/swc-win32-arm64-msvc": "14.2.5",
        "@next/swc-win32-ia32-msvc": "14.2.5",
        "@next/swc-win32-x64-msvc": "14.2.5",
        "@swc/helpers": "0.5.5",
        "busboy": "1.6.0",
        "caniuse-lite": "^1.0.30001579",
        "graceful-fs": "^4.2.11",
        "postcss": "8.4.31",
        "styled-jsx": "5.1.1"
      }
    },
    "node-domexception": {
      "version": "1.0.0"
    },
    "node-fetch": {
      "version": "2.7.0",
      "requires": {
        "whatwg-url": "^5.0.0"
      }
    },
    "num-sort": {
      "version": "2.1.0"
    },
    "openai": {
      "version": "4.54.0",
      "requires": {
        "@types/node": "^18.11.18",
        "@types/node-fetch": "^2.6.4",
        "abort-controller": "^3.0.0",
        "agentkeepalive": "^4.2.1",
        "form-data-encoder": "1.7.2",
        "formdata-node": "^4.3.2",
        "node-fetch": "^2.6.7"
      }
    },
    "openapi-types": {
      "version": "12.1.3"
    },
    "p-finally": {
      "version": "1.0.0"
    },
    "p-queue": {
      "version": "6.6.2",
      "requires": {
        "eventemitter3": "^4.0.4",
        "p-timeout": "^3.2.0"
      }
    },
    "p-retry": {
      "version": "4.6.2",
      "requires": {
        "@types/retry": "0.12.0",
        "retry": "^0.13.1"
      }
    },
    "p-timeout": {
      "version": "3.2.0",
      "requires": {
        "p-finally": "^1.0.0"
      }
    },
    "picocolors": {
      "version": "1.0.1"
    },
    "postcss": {
      "version": "8.4.31",
      "requires": {
        "nanoid": "^3.3.6",
        "picocolors": "^1.0.0",
        "source-map-js": "^1.0.2"
      }
    },
    "react": {
      "version": "18.3.1",
      "requires": {
        "loose-envify": "^1.1.0"
      }
    },
    "react-dom": {
      "version": "18.3.1",
      "requires": {
        "loose-envify": "^1.1.0",
        "scheduler": "^0.23.2"
      }
    },
    "retry": {
      "version": "0.13.1"
    },
    "scheduler": {
      "version": "0.23.2",
      "requires": {
        "loose-envify": "^1.1.0"
      }
    },
    "semver": {
      "version": "7.6.3"
    },
    "source-map-js": {
      "version": "1.2.0"
    },
    "streamsearch": {
      "version": "1.1.0"
    },
    "styled-jsx": {
      "version": "5.1.1",
      "requires": {
        "client-only": "0.0.1"
      }
    },
    "tr46": {
      "version": "0.0.3"
    },
    "tslib": {
      "version": "2.6.3"
    },
    "undici-types": {
      "version": "5.26.5"
    },
    "uuid": {
      "version": "10.0.0"
    },
    "web-streams-polyfill": {
      "version": "4.0.0-beta.3"
    },
    "webidl-conversions": {
      "version": "3.0.1"
    },
    "whatwg-url": {
      "version": "5.0.0",
      "requires": {
        "tr46": "~0.0.3",
        "webidl-conversions": "^3.0.0"
      }
    },
    "yaml": {
      "version": "2.5.0"
    },
    "zod": {
      "version": "3.23.8"
    },
    "zod-to-json-schema": {
      "version": "3.23.2",
      "requires": {}
    }
  }
}
